
Microsoft Visual Studio Solution File, Format Version 12.00
# Visual Studio Version 16
VisualStudioVersion = 16.0.31729.503
MinimumVisualStudioVersion = 10.0.40219.1
Project("{FAE04EC0-301F-11D3-BF4B-00C04F79EFBC}") = "ASP_Razor_Contoso", "ASP_Razor_Contoso\ASP_Razor_Contoso.csproj", "{FD0515B6-2F3F-4B1A-846B-E9CC4229EF4A}"
EndProject
Global
	GlobalSection(SolutionConfigurationPlatforms) = preSolution
		Debug|Any CPU = Debug|Any CPU
		Release|Any CPU = Release|Any CPU
	EndGlobalSection
	GlobalSection(ProjectConfigurationPlatforms) = postSolution
		{FD0515B6-2F3F-4B1A-846B-E9CC4229EF4A}.Debug|Any CPU.ActiveCfg = Debug|Any CPU
		{FD0515B6-2F3F-4B1A-846B-E9CC4229EF4A}.Debug|Any CPU.Build.0 = Debug|Any CPU
		{FD0515B6-2F3F-4B1A-846B-E9CC4229EF4A}.Release|Any CPU.ActiveCfg = Release|Any CPU
		{FD0515B6-2F3F-4B1A-846B-E9CC4229EF4A}.Release|Any CPU.Build.0 = Release|Any CPU
	EndGlobalSection
	GlobalSection(SolutionProperties) = preSolution
		HideSolutionNode = FALSE
	EndGlobalSection
	GlobalSection(ExtensibilityGlobals) = postSolution
		SolutionGuid = {4B153405-4A8A-48A6-B429-E10118E171D3}
	EndGlobalSection
EndGlobal
